
Microsoft Visual Studio Solution File, Format Version 12.00
# Visual Studio Version 17
VisualStudioVersion = 17.3.32804.467
MinimumVisualStudioVersion = 10.0.40219.1
Project("{FAE04EC0-301F-11D3-BF4B-00C04F79EFBC}") = "Thumbparams_Configurator", "Thumbparams_Configurator\Thumbparams_Configurator.csproj", "{C6082960-8B8D-4531-8628-702C4EC3F844}"
EndProject
Global
	GlobalSection(SolutionConfigurationPlatforms) = preSolution
		Debug|Any CPU = Debug|Any CPU
		Release|Any CPU = Release|Any CPU
	EndGlobalSection
	GlobalSection(ProjectConfigurationPlatforms) = postSolution
		{C6082960-8B8D-4531-8628-702C4EC3F844}.Debug|Any CPU.ActiveCfg = Debug|Any CPU
		{C6082960-8B8D-4531-8628-702C4EC3F844}.Debug|Any CPU.Build.0 = Debug|Any CPU
		{C6082960-8B8D-4531-8628-702C4EC3F844}.Release|Any CPU.ActiveCfg = Release|Any CPU
		{C6082960-8B8D-4531-8628-702C4EC3F844}.Release|Any CPU.Build.0 = Release|Any CPU
	EndGlobalSection
	GlobalSection(SolutionProperties) = preSolution
		HideSolutionNode = FALSE
	EndGlobalSection
	GlobalSection(ExtensibilityGlobals) = postSolution
		SolutionGuid = {0810E561-83D9-4326-82E5-1A0CA43E8B68}
	EndGlobalSection
EndGlobal
